
Microsoft Visual Studio Solution File, Format Version 12.00
# Visual Studio 15
VisualStudioVersion = 15.0.28010.2026
MinimumVisualStudioVersion = 10.0.40219.1
Project("{2150E333-8FDC-42A3-9474-1A3956D46DE8}") = "Tests", "Tests", "{6A9F7AD7-ECDA-4BF4-B57A-99782A272833}"
EndProject
Project("{2150E333-8FDC-42A3-9474-1A3956D46DE8}") = "Samples", "Samples", "{AAC8E77D-7E4B-4ECA-A282-B4F799D6A079}"
EndProject
Project("{2150E333-8FDC-42A3-9474-1A3956D46DE8}") = "Providers", "Providers", "{95BC36AA-FE46-440D-82D0-863221298492}"
EndProject
Project("{9A19103F-16F7-4668-BE54-9A1E7A4F7556}") = "Veracity.Services.Api", "Veracity.Services.Api\Veracity.Services.Api.csproj", "{63FEB620-6E8F-4D4E-86CB-3DB68C8047C7}"
EndProject
Project("{9A19103F-16F7-4668-BE54-9A1E7A4F7556}") = "Veracity.Common.OAuth", "Providers\Veracity.Common.OAuth\Veracity.Common.OAuth.csproj", "{8485B920-BAC4-42CB-8727-9C8B80557137}"
EndProject
Project("{9A19103F-16F7-4668-BE54-9A1E7A4F7556}") = "Veracity.Common.OAuth.Providers", "Providers\Veracity.Common.OAuth.Providers\Veracity.Common.OAuth.Providers.csproj", "{D5D733A5-0095-4A82-9B0D-7EEAFAA7C6E5}"
EndProject
Project("{FAE04EC0-301F-11D3-BF4B-00C04F79EFBC}") = "Veracity.Common.OAuth.Providers.Full", "Providers\Veracity.Common.OAuth.Providers.Full\Veracity.Common.OAuth.Providers.Full.csproj", "{0D5C1D5E-8312-46EE-80FC-086CD806F161}"
EndProject
Project("{9A19103F-16F7-4668-BE54-9A1E7A4F7556}") = "HelloAspNetCore", "Samples\HelloAspNetCore\HelloAspNetCore.csproj", "{26F480D6-68D3-4A7A-B8EB-0AC6D448818F}"
EndProject
Project("{FAE04EC0-301F-11D3-BF4B-00C04F79EFBC}") = "HelloWorld", "Samples\HelloWorld\HelloWorld.csproj", "{4E97A15D-9C26-42DF-86BB-1AC1F892E270}"
EndProject
Project("{2150E333-8FDC-42A3-9474-1A3956D46DE8}") = "IoCIntegration", "IoCIntegration", "{4AA6A8D8-D929-4BAB-B2FC-34E9C10A72BE}"
EndProject
Project("{FAE04EC0-301F-11D3-BF4B-00C04F79EFBC}") = "Veracity.Services.Api.Unity", "IocIntegrations\Veracity.Services.Api.Unity\Veracity.Services.Api.Unity.csproj", "{62AC6238-DDC2-4A54-B2F2-79AFED13CCED}"
EndProject
Project("{FAE04EC0-301F-11D3-BF4B-00C04F79EFBC}") = "Veracity.Services.Api.Autofac", "IocIntegrations\Veracity.Services.Api.Autofac\Veracity.Services.Api.Autofac.csproj", "{C6216B9D-9E30-4D00-A9A7-379522FE7DDB}"
EndProject
Project("{FAE04EC0-301F-11D3-BF4B-00C04F79EFBC}") = "HelloWorldVanilla", "Samples\HelloWorldVanilla\HelloWorldVanilla.csproj", "{FBB4FD6A-1286-4479-9AC9-B8ADE79F0ED3}"
EndProject
Project("{2150E333-8FDC-42A3-9474-1A3956D46DE8}") = "Solution Items", "Solution Items", "{0BD49E5F-F25C-4574-9570-6B2C0E1F7148}"
	ProjectSection(SolutionItems) = preProject
		LICENCE = LICENCE
	EndProjectSection
EndProject
Project("{2150E333-8FDC-42A3-9474-1A3956D46DE8}") = "Authentication", "Authentication", "{B424EE34-34F9-458B-90CE-E1C2484892BD}"
EndProject
Project("{9A19103F-16F7-4668-BE54-9A1E7A4F7556}") = "Veracity.Common.Authentication.Abstractions", "Veracity.Common.Authentication.Abstractions\Veracity.Common.Authentication.Abstractions.csproj", "{76ED7BE3-A8E0-43EA-90A1-1A058BF991ED}"
EndProject
Project("{9A19103F-16F7-4668-BE54-9A1E7A4F7556}") = "HelloAspNetCore22", "Samples\HelloAspNetCore22\HelloAspNetCore22.csproj", "{A5086A91-DDA1-4992-9BDB-D73E4311173F}"
EndProject
Global
	GlobalSection(SolutionConfigurationPlatforms) = preSolution
		Debug|Any CPU = Debug|Any CPU
		Release|Any CPU = Release|Any CPU
		Stag|Any CPU = Stag|Any CPU
		Test|Any CPU = Test|Any CPU
	EndGlobalSection
	GlobalSection(ProjectConfigurationPlatforms) = postSolution
		{63FEB620-6E8F-4D4E-86CB-3DB68C8047C7}.Debug|Any CPU.ActiveCfg = Debug|Any CPU
		{63FEB620-6E8F-4D4E-86CB-3DB68C8047C7}.Debug|Any CPU.Build.0 = Debug|Any CPU
		{63FEB620-6E8F-4D4E-86CB-3DB68C8047C7}.Release|Any CPU.ActiveCfg = Release|Any CPU
		{63FEB620-6E8F-4D4E-86CB-3DB68C8047C7}.Release|Any CPU.Build.0 = Release|Any CPU
		{63FEB620-6E8F-4D4E-86CB-3DB68C8047C7}.Stag|Any CPU.ActiveCfg = Debug|Any CPU
		{63FEB620-6E8F-4D4E-86CB-3DB68C8047C7}.Stag|Any CPU.Build.0 = Debug|Any CPU
		{63FEB620-6E8F-4D4E-86CB-3DB68C8047C7}.Test|Any CPU.ActiveCfg = Debug|Any CPU
		{63FEB620-6E8F-4D4E-86CB-3DB68C8047C7}.Test|Any CPU.Build.0 = Debug|Any CPU
		{8485B920-BAC4-42CB-8727-9C8B80557137}.Debug|Any CPU.ActiveCfg = Debug|Any CPU
		{8485B920-BAC4-42CB-8727-9C8B80557137}.Debug|Any CPU.Build.0 = Debug|Any CPU
		{8485B920-BAC4-42CB-8727-9C8B80557137}.Release|Any CPU.ActiveCfg = Release|Any CPU
		{8485B920-BAC4-42CB-8727-9C8B80557137}.Release|Any CPU.Build.0 = Release|Any CPU
		{8485B920-BAC4-42CB-8727-9C8B80557137}.Stag|Any CPU.ActiveCfg = Debug|Any CPU
		{8485B920-BAC4-42CB-8727-9C8B80557137}.Stag|Any CPU.Build.0 = Debug|Any CPU
		{8485B920-BAC4-42CB-8727-9C8B80557137}.Test|Any CPU.ActiveCfg = Debug|Any CPU
		{8485B920-BAC4-42CB-8727-9C8B80557137}.Test|Any CPU.Build.0 = Debug|Any CPU
		{D5D733A5-0095-4A82-9B0D-7EEAFAA7C6E5}.Debug|Any CPU.ActiveCfg = Debug|Any CPU
		{D5D733A5-0095-4A82-9B0D-7EEAFAA7C6E5}.Debug|Any CPU.Build.0 = Debug|Any CPU
		{D5D733A5-0095-4A82-9B0D-7EEAFAA7C6E5}.Release|Any CPU.ActiveCfg = Release|Any CPU
		{D5D733A5-0095-4A82-9B0D-7EEAFAA7C6E5}.Release|Any CPU.Build.0 = Release|Any CPU
		{D5D733A5-0095-4A82-9B0D-7EEAFAA7C6E5}.Stag|Any CPU.ActiveCfg = Debug|Any CPU
		{D5D733A5-0095-4A82-9B0D-7EEAFAA7C6E5}.Stag|Any CPU.Build.0 = Debug|Any CPU
		{D5D733A5-0095-4A82-9B0D-7EEAFAA7C6E5}.Test|Any CPU.ActiveCfg = Debug|Any CPU
		{D5D733A5-0095-4A82-9B0D-7EEAFAA7C6E5}.Test|Any CPU.Build.0 = Debug|Any CPU
		{0D5C1D5E-8312-46EE-80FC-086CD806F161}.Debug|Any CPU.ActiveCfg = Debug|Any CPU
		{0D5C1D5E-8312-46EE-80FC-086CD806F161}.Debug|Any CPU.Build.0 = Debug|Any CPU
		{0D5C1D5E-8312-46EE-80FC-086CD806F161}.Release|Any CPU.ActiveCfg = Release|Any CPU
		{0D5C1D5E-8312-46EE-80FC-086CD806F161}.Release|Any CPU.Build.0 = Release|Any CPU
		{0D5C1D5E-8312-46EE-80FC-086CD806F161}.Stag|Any CPU.ActiveCfg = Release|Any CPU
		{0D5C1D5E-8312-46EE-80FC-086CD806F161}.Stag|Any CPU.Build.0 = Release|Any CPU
		{0D5C1D5E-8312-46EE-80FC-086CD806F161}.Test|Any CPU.ActiveCfg = Release|Any CPU
		{0D5C1D5E-8312-46EE-80FC-086CD806F161}.Test|Any CPU.Build.0 = Release|Any CPU
		{26F480D6-68D3-4A7A-B8EB-0AC6D448818F}.Debug|Any CPU.ActiveCfg = Debug|Any CPU
		{26F480D6-68D3-4A7A-B8EB-0AC6D448818F}.Debug|Any CPU.Build.0 = Debug|Any CPU
		{26F480D6-68D3-4A7A-B8EB-0AC6D448818F}.Release|Any CPU.ActiveCfg = Release|Any CPU
		{26F480D6-68D3-4A7A-B8EB-0AC6D448818F}.Release|Any CPU.Build.0 = Release|Any CPU
		{26F480D6-68D3-4A7A-B8EB-0AC6D448818F}.Stag|Any CPU.ActiveCfg = Debug|Any CPU
		{26F480D6-68D3-4A7A-B8EB-0AC6D448818F}.Stag|Any CPU.Build.0 = Debug|Any CPU
		{26F480D6-68D3-4A7A-B8EB-0AC6D448818F}.Test|Any CPU.ActiveCfg = Debug|Any CPU
		{26F480D6-68D3-4A7A-B8EB-0AC6D448818F}.Test|Any CPU.Build.0 = Debug|Any CPU
		{4E97A15D-9C26-42DF-86BB-1AC1F892E270}.Debug|Any CPU.ActiveCfg = Debug|Any CPU
		{4E97A15D-9C26-42DF-86BB-1AC1F892E270}.Debug|Any CPU.Build.0 = Debug|Any CPU
		{4E97A15D-9C26-42DF-86BB-1AC1F892E270}.Release|Any CPU.ActiveCfg = Release|Any CPU
		{4E97A15D-9C26-42DF-86BB-1AC1F892E270}.Release|Any CPU.Build.0 = Release|Any CPU
		{4E97A15D-9C26-42DF-86BB-1AC1F892E270}.Stag|Any CPU.ActiveCfg = Stag|Any CPU
		{4E97A15D-9C26-42DF-86BB-1AC1F892E270}.Stag|Any CPU.Build.0 = Stag|Any CPU
		{4E97A15D-9C26-42DF-86BB-1AC1F892E270}.Test|Any CPU.ActiveCfg = Test|Any CPU
		{4E97A15D-9C26-42DF-86BB-1AC1F892E270}.Test|Any CPU.Build.0 = Test|Any CPU
		{62AC6238-DDC2-4A54-B2F2-79AFED13CCED}.Debug|Any CPU.ActiveCfg = Debug|Any CPU
		{62AC6238-DDC2-4A54-B2F2-79AFED13CCED}.Debug|Any CPU.Build.0 = Debug|Any CPU
		{62AC6238-DDC2-4A54-B2F2-79AFED13CCED}.Release|Any CPU.ActiveCfg = Release|Any CPU
		{62AC6238-DDC2-4A54-B2F2-79AFED13CCED}.Release|Any CPU.Build.0 = Release|Any CPU
		{62AC6238-DDC2-4A54-B2F2-79AFED13CCED}.Stag|Any CPU.ActiveCfg = Release|Any CPU
		{62AC6238-DDC2-4A54-B2F2-79AFED13CCED}.Stag|Any CPU.Build.0 = Release|Any CPU
		{62AC6238-DDC2-4A54-B2F2-79AFED13CCED}.Test|Any CPU.ActiveCfg = Release|Any CPU
		{62AC6238-DDC2-4A54-B2F2-79AFED13CCED}.Test|Any CPU.Build.0 = Release|Any CPU
		{C6216B9D-9E30-4D00-A9A7-379522FE7DDB}.Debug|Any CPU.ActiveCfg = Debug|Any CPU
		{C6216B9D-9E30-4D00-A9A7-379522FE7DDB}.Debug|Any CPU.Build.0 = Debug|Any CPU
		{C6216B9D-9E30-4D00-A9A7-379522FE7DDB}.Release|Any CPU.ActiveCfg = Release|Any CPU
		{C6216B9D-9E30-4D00-A9A7-379522FE7DDB}.Release|Any CPU.Build.0 = Release|Any CPU
		{C6216B9D-9E30-4D00-A9A7-379522FE7DDB}.Stag|Any CPU.ActiveCfg = Release|Any CPU
		{C6216B9D-9E30-4D00-A9A7-379522FE7DDB}.Stag|Any CPU.Build.0 = Release|Any CPU
		{C6216B9D-9E30-4D00-A9A7-379522FE7DDB}.Test|Any CPU.ActiveCfg = Release|Any CPU
		{C6216B9D-9E30-4D00-A9A7-379522FE7DDB}.Test|Any CPU.Build.0 = Release|Any CPU
		{FBB4FD6A-1286-4479-9AC9-B8ADE79F0ED3}.Debug|Any CPU.ActiveCfg = Debug|Any CPU
		{FBB4FD6A-1286-4479-9AC9-B8ADE79F0ED3}.Debug|Any CPU.Build.0 = Debug|Any CPU
		{FBB4FD6A-1286-4479-9AC9-B8ADE79F0ED3}.Release|Any CPU.ActiveCfg = Release|Any CPU
		{FBB4FD6A-1286-4479-9AC9-B8ADE79F0ED3}.Release|Any CPU.Build.0 = Release|Any CPU
		{FBB4FD6A-1286-4479-9AC9-B8ADE79F0ED3}.Stag|Any CPU.ActiveCfg = Release|Any CPU
		{FBB4FD6A-1286-4479-9AC9-B8ADE79F0ED3}.Stag|Any CPU.Build.0 = Release|Any CPU
		{FBB4FD6A-1286-4479-9AC9-B8ADE79F0ED3}.Test|Any CPU.ActiveCfg = Release|Any CPU
		{FBB4FD6A-1286-4479-9AC9-B8ADE79F0ED3}.Test|Any CPU.Build.0 = Release|Any CPU
		{76ED7BE3-A8E0-43EA-90A1-1A058BF991ED}.Debug|Any CPU.ActiveCfg = Debug|Any CPU
		{76ED7BE3-A8E0-43EA-90A1-1A058BF991ED}.Debug|Any CPU.Build.0 = Debug|Any CPU
		{76ED7BE3-A8E0-43EA-90A1-1A058BF991ED}.Release|Any CPU.ActiveCfg = Release|Any CPU
		{76ED7BE3-A8E0-43EA-90A1-1A058BF991ED}.Release|Any CPU.Build.0 = Release|Any CPU
		{76ED7BE3-A8E0-43EA-90A1-1A058BF991ED}.Stag|Any CPU.ActiveCfg = Debug|Any CPU
		{76ED7BE3-A8E0-43EA-90A1-1A058BF991ED}.Stag|Any CPU.Build.0 = Debug|Any CPU
		{76ED7BE3-A8E0-43EA-90A1-1A058BF991ED}.Test|Any CPU.ActiveCfg = Debug|Any CPU
		{76ED7BE3-A8E0-43EA-90A1-1A058BF991ED}.Test|Any CPU.Build.0 = Debug|Any CPU
		{A5086A91-DDA1-4992-9BDB-D73E4311173F}.Debug|Any CPU.ActiveCfg = Debug|Any CPU
		{A5086A91-DDA1-4992-9BDB-D73E4311173F}.Debug|Any CPU.Build.0 = Debug|Any CPU
		{A5086A91-DDA1-4992-9BDB-D73E4311173F}.Release|Any CPU.ActiveCfg = Release|Any CPU
		{A5086A91-DDA1-4992-9BDB-D73E4311173F}.Release|Any CPU.Build.0 = Release|Any CPU
		{A5086A91-DDA1-4992-9BDB-D73E4311173F}.Stag|Any CPU.ActiveCfg = Debug|Any CPU
		{A5086A91-DDA1-4992-9BDB-D73E4311173F}.Stag|Any CPU.Build.0 = Debug|Any CPU
		{A5086A91-DDA1-4992-9BDB-D73E4311173F}.Test|Any CPU.ActiveCfg = Debug|Any CPU
		{A5086A91-DDA1-4992-9BDB-D73E4311173F}.Test|Any CPU.Build.0 = Debug|Any CPU
	EndGlobalSection
	GlobalSection(SolutionProperties) = preSolution
		HideSolutionNode = FALSE
	EndGlobalSection
	GlobalSection(NestedProjects) = preSolution
		{8485B920-BAC4-42CB-8727-9C8B80557137} = {95BC36AA-FE46-440D-82D0-863221298492}
		{D5D733A5-0095-4A82-9B0D-7EEAFAA7C6E5} = {95BC36AA-FE46-440D-82D0-863221298492}
		{0D5C1D5E-8312-46EE-80FC-086CD806F161} = {95BC36AA-FE46-440D-82D0-863221298492}
		{26F480D6-68D3-4A7A-B8EB-0AC6D448818F} = {AAC8E77D-7E4B-4ECA-A282-B4F799D6A079}
		{4E97A15D-9C26-42DF-86BB-1AC1F892E270} = {AAC8E77D-7E4B-4ECA-A282-B4F799D6A079}
		{62AC6238-DDC2-4A54-B2F2-79AFED13CCED} = {4AA6A8D8-D929-4BAB-B2FC-34E9C10A72BE}
		{C6216B9D-9E30-4D00-A9A7-379522FE7DDB} = {4AA6A8D8-D929-4BAB-B2FC-34E9C10A72BE}
		{FBB4FD6A-1286-4479-9AC9-B8ADE79F0ED3} = {AAC8E77D-7E4B-4ECA-A282-B4F799D6A079}
		{76ED7BE3-A8E0-43EA-90A1-1A058BF991ED} = {B424EE34-34F9-458B-90CE-E1C2484892BD}
		{A5086A91-DDA1-4992-9BDB-D73E4311173F} = {AAC8E77D-7E4B-4ECA-A282-B4F799D6A079}
	EndGlobalSection
	GlobalSection(ExtensibilityGlobals) = postSolution
		SolutionGuid = {A9CDA391-12A3-4F65-9CA5-B6E0163F6381}
	EndGlobalSection
EndGlobal
