
Microsoft Visual Studio Solution File, Format Version 12.00
# Visual Studio Version 17
VisualStudioVersion = 17.0.31612.314
MinimumVisualStudioVersion = 10.0.40219.1
Project("{2150E333-8FDC-42A3-9474-1A3956D46DE8}") = "Tests", "Tests", "{6A9F7AD7-ECDA-4BF4-B57A-99782A272833}"
EndProject
Project("{2150E333-8FDC-42A3-9474-1A3956D46DE8}") = "Samples", "Samples", "{AAC8E77D-7E4B-4ECA-A282-B4F799D6A079}"
EndProject
Project("{2150E333-8FDC-42A3-9474-1A3956D46DE8}") = "Providers", "Providers", "{95BC36AA-FE46-440D-82D0-863221298492}"
EndProject
Project("{9A19103F-16F7-4668-BE54-9A1E7A4F7556}") = "Veracity.Services.Api", "Veracity.Services.Api\Veracity.Services.Api.csproj", "{63FEB620-6E8F-4D4E-86CB-3DB68C8047C7}"
EndProject
Project("{2150E333-8FDC-42A3-9474-1A3956D46DE8}") = "Solution Items", "Solution Items", "{0BD49E5F-F25C-4574-9570-6B2C0E1F7148}"
	ProjectSection(SolutionItems) = preProject
		..\ConvertFromOldPackages.md = ..\ConvertFromOldPackages.md
		..\LICENCE = ..\LICENCE
		..\README.md = ..\README.md
		..\WireProtocols.md = ..\WireProtocols.md
	EndProjectSection
EndProject
Project("{2150E333-8FDC-42A3-9474-1A3956D46DE8}") = "Authentication", "Authentication", "{B424EE34-34F9-458B-90CE-E1C2484892BD}"
EndProject
Project("{9A19103F-16F7-4668-BE54-9A1E7A4F7556}") = "Veracity.Common.Authentication.Abstractions", "Veracity.Common.Authentication.Abstractions\Veracity.Common.Authentication.Abstractions.csproj", "{76ED7BE3-A8E0-43EA-90A1-1A058BF991ED}"
EndProject
Project("{9A19103F-16F7-4668-BE54-9A1E7A4F7556}") = "Veracity.Common.OAuth.AspNetCore", "Veracity.Common.OAuth.AspNetCore\Veracity.Common.OAuth.AspNetCore.csproj", "{567EFA88-22E7-4F58-B43C-2543F152F9CB}"
EndProject
Project("{9A19103F-16F7-4668-BE54-9A1E7A4F7556}") = "WebApplicationNet6", "Samples\WebApplicationNet6\WebApplicationNet6.csproj", "{7394EDAC-0487-46E0-8A53-8700BFB3CAD5}"
EndProject
Project("{9A19103F-16F7-4668-BE54-9A1E7A4F7556}") = "WebApplicationNet7", "Samples\WebApplicationNet7\WebApplicationNet7.csproj", "{49770986-2DD5-46FC-89AA-39A733D916C0}"
EndProject
Project("{9A19103F-16F7-4668-BE54-9A1E7A4F7556}") = "Veracity.Common.Authentication.AspNetCore", "Veracity.Common.Authentication.AspNetCore\Veracity.Common.Authentication.AspNetCore.csproj", "{29153779-0742-423F-A641-D4BC4BBF5B33}"
EndProject
Global
	GlobalSection(SolutionConfigurationPlatforms) = preSolution
		Debug|Any CPU = Debug|Any CPU
		Release|Any CPU = Release|Any CPU
		Stag|Any CPU = Stag|Any CPU
		Test|Any CPU = Test|Any CPU
	EndGlobalSection
	GlobalSection(ProjectConfigurationPlatforms) = postSolution
		{63FEB620-6E8F-4D4E-86CB-3DB68C8047C7}.Debug|Any CPU.ActiveCfg = Debug|Any CPU
		{63FEB620-6E8F-4D4E-86CB-3DB68C8047C7}.Debug|Any CPU.Build.0 = Debug|Any CPU
		{63FEB620-6E8F-4D4E-86CB-3DB68C8047C7}.Release|Any CPU.ActiveCfg = Release|Any CPU
		{63FEB620-6E8F-4D4E-86CB-3DB68C8047C7}.Release|Any CPU.Build.0 = Release|Any CPU
		{63FEB620-6E8F-4D4E-86CB-3DB68C8047C7}.Stag|Any CPU.ActiveCfg = Debug|Any CPU
		{63FEB620-6E8F-4D4E-86CB-3DB68C8047C7}.Stag|Any CPU.Build.0 = Debug|Any CPU
		{63FEB620-6E8F-4D4E-86CB-3DB68C8047C7}.Test|Any CPU.ActiveCfg = Debug|Any CPU
		{63FEB620-6E8F-4D4E-86CB-3DB68C8047C7}.Test|Any CPU.Build.0 = Debug|Any CPU
		{76ED7BE3-A8E0-43EA-90A1-1A058BF991ED}.Debug|Any CPU.ActiveCfg = Debug|Any CPU
		{76ED7BE3-A8E0-43EA-90A1-1A058BF991ED}.Debug|Any CPU.Build.0 = Debug|Any CPU
		{76ED7BE3-A8E0-43EA-90A1-1A058BF991ED}.Release|Any CPU.ActiveCfg = Release|Any CPU
		{76ED7BE3-A8E0-43EA-90A1-1A058BF991ED}.Release|Any CPU.Build.0 = Release|Any CPU
		{76ED7BE3-A8E0-43EA-90A1-1A058BF991ED}.Stag|Any CPU.ActiveCfg = Debug|Any CPU
		{76ED7BE3-A8E0-43EA-90A1-1A058BF991ED}.Stag|Any CPU.Build.0 = Debug|Any CPU
		{76ED7BE3-A8E0-43EA-90A1-1A058BF991ED}.Test|Any CPU.ActiveCfg = Debug|Any CPU
		{76ED7BE3-A8E0-43EA-90A1-1A058BF991ED}.Test|Any CPU.Build.0 = Debug|Any CPU
		{567EFA88-22E7-4F58-B43C-2543F152F9CB}.Debug|Any CPU.ActiveCfg = Debug|Any CPU
		{567EFA88-22E7-4F58-B43C-2543F152F9CB}.Debug|Any CPU.Build.0 = Debug|Any CPU
		{567EFA88-22E7-4F58-B43C-2543F152F9CB}.Release|Any CPU.ActiveCfg = Release|Any CPU
		{567EFA88-22E7-4F58-B43C-2543F152F9CB}.Release|Any CPU.Build.0 = Release|Any CPU
		{567EFA88-22E7-4F58-B43C-2543F152F9CB}.Stag|Any CPU.ActiveCfg = Debug|Any CPU
		{567EFA88-22E7-4F58-B43C-2543F152F9CB}.Stag|Any CPU.Build.0 = Debug|Any CPU
		{567EFA88-22E7-4F58-B43C-2543F152F9CB}.Test|Any CPU.ActiveCfg = Debug|Any CPU
		{567EFA88-22E7-4F58-B43C-2543F152F9CB}.Test|Any CPU.Build.0 = Debug|Any CPU
		{7394EDAC-0487-46E0-8A53-8700BFB3CAD5}.Debug|Any CPU.ActiveCfg = Debug|Any CPU
		{7394EDAC-0487-46E0-8A53-8700BFB3CAD5}.Debug|Any CPU.Build.0 = Debug|Any CPU
		{7394EDAC-0487-46E0-8A53-8700BFB3CAD5}.Release|Any CPU.ActiveCfg = Release|Any CPU
		{7394EDAC-0487-46E0-8A53-8700BFB3CAD5}.Release|Any CPU.Build.0 = Release|Any CPU
		{7394EDAC-0487-46E0-8A53-8700BFB3CAD5}.Stag|Any CPU.ActiveCfg = Debug|Any CPU
		{7394EDAC-0487-46E0-8A53-8700BFB3CAD5}.Stag|Any CPU.Build.0 = Debug|Any CPU
		{7394EDAC-0487-46E0-8A53-8700BFB3CAD5}.Test|Any CPU.ActiveCfg = Debug|Any CPU
		{7394EDAC-0487-46E0-8A53-8700BFB3CAD5}.Test|Any CPU.Build.0 = Debug|Any CPU
		{49770986-2DD5-46FC-89AA-39A733D916C0}.Debug|Any CPU.ActiveCfg = Debug|Any CPU
		{49770986-2DD5-46FC-89AA-39A733D916C0}.Debug|Any CPU.Build.0 = Debug|Any CPU
		{49770986-2DD5-46FC-89AA-39A733D916C0}.Release|Any CPU.ActiveCfg = Release|Any CPU
		{49770986-2DD5-46FC-89AA-39A733D916C0}.Release|Any CPU.Build.0 = Release|Any CPU
		{49770986-2DD5-46FC-89AA-39A733D916C0}.Stag|Any CPU.ActiveCfg = Debug|Any CPU
		{49770986-2DD5-46FC-89AA-39A733D916C0}.Stag|Any CPU.Build.0 = Debug|Any CPU
		{49770986-2DD5-46FC-89AA-39A733D916C0}.Test|Any CPU.ActiveCfg = Debug|Any CPU
		{49770986-2DD5-46FC-89AA-39A733D916C0}.Test|Any CPU.Build.0 = Debug|Any CPU
		{29153779-0742-423F-A641-D4BC4BBF5B33}.Debug|Any CPU.ActiveCfg = Debug|Any CPU
		{29153779-0742-423F-A641-D4BC4BBF5B33}.Debug|Any CPU.Build.0 = Debug|Any CPU
		{29153779-0742-423F-A641-D4BC4BBF5B33}.Release|Any CPU.ActiveCfg = Release|Any CPU
		{29153779-0742-423F-A641-D4BC4BBF5B33}.Release|Any CPU.Build.0 = Release|Any CPU
		{29153779-0742-423F-A641-D4BC4BBF5B33}.Stag|Any CPU.ActiveCfg = Debug|Any CPU
		{29153779-0742-423F-A641-D4BC4BBF5B33}.Stag|Any CPU.Build.0 = Debug|Any CPU
		{29153779-0742-423F-A641-D4BC4BBF5B33}.Test|Any CPU.ActiveCfg = Debug|Any CPU
		{29153779-0742-423F-A641-D4BC4BBF5B33}.Test|Any CPU.Build.0 = Debug|Any CPU
	EndGlobalSection
	GlobalSection(SolutionProperties) = preSolution
		HideSolutionNode = FALSE
	EndGlobalSection
	GlobalSection(NestedProjects) = preSolution
		{76ED7BE3-A8E0-43EA-90A1-1A058BF991ED} = {B424EE34-34F9-458B-90CE-E1C2484892BD}
		{567EFA88-22E7-4F58-B43C-2543F152F9CB} = {95BC36AA-FE46-440D-82D0-863221298492}
		{7394EDAC-0487-46E0-8A53-8700BFB3CAD5} = {AAC8E77D-7E4B-4ECA-A282-B4F799D6A079}
		{49770986-2DD5-46FC-89AA-39A733D916C0} = {AAC8E77D-7E4B-4ECA-A282-B4F799D6A079}
		{29153779-0742-423F-A641-D4BC4BBF5B33} = {B424EE34-34F9-458B-90CE-E1C2484892BD}
	EndGlobalSection
	GlobalSection(ExtensibilityGlobals) = postSolution
		SolutionGuid = {A9CDA391-12A3-4F65-9CA5-B6E0163F6381}
	EndGlobalSection
EndGlobal
